// !$*UTF8*$!
{
	archiveVersion = 1;
	classes = {
	};
	objectVersion = 55;
	objects = {

/* Begin PBXBuildFile section */
		13E208C5F69C61B4ED2B585A /* Pods_Weather.framework in Frameworks */ = {isa = PBXBuildFile; fileRef = F4CB4B241804BB5FDF82FC21 /* Pods_Weather.framework */; };
		B495D7652782F36F003E7B01 /* AppDelegate.swift in Sources */ = {isa = PBXBuildFile; fileRef = B495D7642782F36F003E7B01 /* AppDelegate.swift */; };
		B495D7672782F36F003E7B01 /* SceneDelegate.swift in Sources */ = {isa = PBXBuildFile; fileRef = B495D7662782F36F003E7B01 /* SceneDelegate.swift */; };
		B495D7692782F36F003E7B01 /* WeatherDetailsVC.swift in Sources */ = {isa = PBXBuildFile; fileRef = B495D7682782F36F003E7B01 /* WeatherDetailsVC.swift */; };
		B495D76E2782F371003E7B01 /* Assets.xcassets in Resources */ = {isa = PBXBuildFile; fileRef = B495D76D2782F371003E7B01 /* Assets.xcassets */; };
		B495D7712782F371003E7B01 /* LaunchScreen.storyboard in Resources */ = {isa = PBXBuildFile; fileRef = B495D76F2782F371003E7B01 /* LaunchScreen.storyboard */; };
		B495D77C2782F85D003E7B01 /* WeatherDetailsInteractor.swift in Sources */ = {isa = PBXBuildFile; fileRef = B495D77B2782F85D003E7B01 /* WeatherDetailsInteractor.swift */; };
		B495D78227830047003E7B01 /* DailyWeatherCell.swift in Sources */ = {isa = PBXBuildFile; fileRef = B495D78127830047003E7B01 /* DailyWeatherCell.swift */; };
		B495D78427830109003E7B01 /* DailyWeatherCellModel.swift in Sources */ = {isa = PBXBuildFile; fileRef = B495D78327830109003E7B01 /* DailyWeatherCellModel.swift */; };
		B495D787278307D7003E7B01 /* Extension UIView.swift in Sources */ = {isa = PBXBuildFile; fileRef = B495D786278307D7003E7B01 /* Extension UIView.swift */; };
		B495D78927859F4D003E7B01 /* DailyWeatherDetailsView.swift in Sources */ = {isa = PBXBuildFile; fileRef = B495D78827859F4D003E7B01 /* DailyWeatherDetailsView.swift */; };
		B495D78E2785C84A003E7B01 /* DailyWeatherDetailsViewModel.swift in Sources */ = {isa = PBXBuildFile; fileRef = B495D78D2785C84A003E7B01 /* DailyWeatherDetailsViewModel.swift */; };
		B495D79027877F3A003E7B01 /* TabBarViewController.swift in Sources */ = {isa = PBXBuildFile; fileRef = B495D78F27877F3A003E7B01 /* TabBarViewController.swift */; };
		B495D794278781E7003E7B01 /* SettingsViewController.swift in Sources */ = {isa = PBXBuildFile; fileRef = B495D793278781E7003E7B01 /* SettingsViewController.swift */; };
		B495D79927878414003E7B01 /* MapViewController.swift in Sources */ = {isa = PBXBuildFile; fileRef = B495D79827878414003E7B01 /* MapViewController.swift */; };
		B495D79C278A22E4003E7B01 /* FavoritsViewController.swift in Sources */ = {isa = PBXBuildFile; fileRef = B495D79B278A22E4003E7B01 /* FavoritsViewController.swift */; };
/* End PBXBuildFile section */

/* Begin PBXFileReference section */
		4324971084BCC751E12A234B /* Pods-Weather.release.xcconfig */ = {isa = PBXFileReference; includeInIndex = 1; lastKnownFileType = text.xcconfig; name = "Pods-Weather.release.xcconfig"; path = "Target Support Files/Pods-Weather/Pods-Weather.release.xcconfig"; sourceTree = "<group>"; };
		AAA46679EF5AA100CC04781C /* Pods-Weather.debug.xcconfig */ = {isa = PBXFileReference; includeInIndex = 1; lastKnownFileType = text.xcconfig; name = "Pods-Weather.debug.xcconfig"; path = "Target Support Files/Pods-Weather/Pods-Weather.debug.xcconfig"; sourceTree = "<group>"; };
		B495D7612782F36F003E7B01 /* Weather.app */ = {isa = PBXFileReference; explicitFileType = wrapper.application; includeInIndex = 0; path = Weather.app; sourceTree = BUILT_PRODUCTS_DIR; };
		B495D7642782F36F003E7B01 /* AppDelegate.swift */ = {isa = PBXFileReference; lastKnownFileType = sourcecode.swift; path = AppDelegate.swift; sourceTree = "<group>"; };
		B495D7662782F36F003E7B01 /* SceneDelegate.swift */ = {isa = PBXFileReference; lastKnownFileType = sourcecode.swift; path = SceneDelegate.swift; sourceTree = "<group>"; };
		B495D7682782F36F003E7B01 /* WeatherDetailsVC.swift */ = {isa = PBXFileReference; lastKnownFileType = sourcecode.swift; path = WeatherDetailsVC.swift; sourceTree = "<group>"; };
		B495D76D2782F371003E7B01 /* Assets.xcassets */ = {isa = PBXFileReference; lastKnownFileType = folder.assetcatalog; path = Assets.xcassets; sourceTree = "<group>"; };
		B495D7702782F371003E7B01 /* Base */ = {isa = PBXFileReference; lastKnownFileType = file.storyboard; name = Base; path = Base.lproj/LaunchScreen.storyboard; sourceTree = "<group>"; };
		B495D7722782F371003E7B01 /* Info.plist */ = {isa = PBXFileReference; lastKnownFileType = text.plist.xml; path = Info.plist; sourceTree = "<group>"; };
		B495D77B2782F85D003E7B01 /* WeatherDetailsInteractor.swift */ = {isa = PBXFileReference; lastKnownFileType = sourcecode.swift; path = WeatherDetailsInteractor.swift; sourceTree = "<group>"; };
		B495D77D2782FB54003E7B01 /* SnapKit.framework */ = {isa = PBXFileReference; explicitFileType = wrapper.framework; path = SnapKit.framework; sourceTree = BUILT_PRODUCTS_DIR; };
		B495D78127830047003E7B01 /* DailyWeatherCell.swift */ = {isa = PBXFileReference; lastKnownFileType = sourcecode.swift; path = DailyWeatherCell.swift; sourceTree = "<group>"; };
		B495D78327830109003E7B01 /* DailyWeatherCellModel.swift */ = {isa = PBXFileReference; lastKnownFileType = sourcecode.swift; path = DailyWeatherCellModel.swift; sourceTree = "<group>"; };
		B495D786278307D7003E7B01 /* Extension UIView.swift */ = {isa = PBXFileReference; lastKnownFileType = sourcecode.swift; path = "Extension UIView.swift"; sourceTree = "<group>"; };
		B495D78827859F4D003E7B01 /* DailyWeatherDetailsView.swift */ = {isa = PBXFileReference; lastKnownFileType = sourcecode.swift; path = DailyWeatherDetailsView.swift; sourceTree = "<group>"; };
		B495D78D2785C84A003E7B01 /* DailyWeatherDetailsViewModel.swift */ = {isa = PBXFileReference; lastKnownFileType = sourcecode.swift; path = DailyWeatherDetailsViewModel.swift; sourceTree = "<group>"; };
		B495D78F27877F3A003E7B01 /* TabBarViewController.swift */ = {isa = PBXFileReference; lastKnownFileType = sourcecode.swift; path = TabBarViewController.swift; sourceTree = "<group>"; };
		B495D793278781E7003E7B01 /* SettingsViewController.swift */ = {isa = PBXFileReference; lastKnownFileType = sourcecode.swift; path = SettingsViewController.swift; sourceTree = "<group>"; };
		B495D79827878414003E7B01 /* MapViewController.swift */ = {isa = PBXFileReference; lastKnownFileType = sourcecode.swift; path = MapViewController.swift; sourceTree = "<group>"; };
		B495D79B278A22E4003E7B01 /* FavoritsViewController.swift */ = {isa = PBXFileReference; lastKnownFileType = sourcecode.swift; path = FavoritsViewController.swift; sourceTree = "<group>"; };
		F4CB4B241804BB5FDF82FC21 /* Pods_Weather.framework */ = {isa = PBXFileReference; explicitFileType = wrapper.framework; includeInIndex = 0; path = Pods_Weather.framework; sourceTree = BUILT_PRODUCTS_DIR; };
/* End PBXFileReference section */

/* Begin PBXFrameworksBuildPhase section */
		B495D75E2782F36F003E7B01 /* Frameworks */ = {
			isa = PBXFrameworksBuildPhase;
			buildActionMask = 2147483647;
			files = (
				13E208C5F69C61B4ED2B585A /* Pods_Weather.framework in Frameworks */,
			);
			runOnlyForDeploymentPostprocessing = 0;
		};
/* End PBXFrameworksBuildPhase section */

/* Begin PBXGroup section */
		045154FC3622982EEB1D04B2 /* Frameworks */ = {
			isa = PBXGroup;
			children = (
				B495D77D2782FB54003E7B01 /* SnapKit.framework */,
				F4CB4B241804BB5FDF82FC21 /* Pods_Weather.framework */,
			);
			name = Frameworks;
			sourceTree = "<group>";
		};
		4DD8AD684D701A5A0D9B8173 /* Pods */ = {
			isa = PBXGroup;
			children = (
				AAA46679EF5AA100CC04781C /* Pods-Weather.debug.xcconfig */,
				4324971084BCC751E12A234B /* Pods-Weather.release.xcconfig */,
			);
			path = Pods;
			sourceTree = "<group>";
		};
		B495D7582782F36F003E7B01 = {
			isa = PBXGroup;
			children = (
				B495D7632782F36F003E7B01 /* Weather */,
				B495D7622782F36F003E7B01 /* Products */,
				4DD8AD684D701A5A0D9B8173 /* Pods */,
				045154FC3622982EEB1D04B2 /* Frameworks */,
			);
			sourceTree = "<group>";
		};
		B495D7622782F36F003E7B01 /* Products */ = {
			isa = PBXGroup;
			children = (
				B495D7612782F36F003E7B01 /* Weather.app */,
			);
			name = Products;
			sourceTree = "<group>";
		};
		B495D7632782F36F003E7B01 /* Weather */ = {
			isa = PBXGroup;
			children = (
				B495D7852783079E003E7B01 /* Extensions */,
				B495D79A278A22A6003E7B01 /* FavoritsView */,
				B495D795278783C8003E7B01 /* MapView */,
				B495D792278781A8003E7B01 /* SettingsView */,
				B495D78C2785C7F1003E7B01 /* WeatherDetailsView */,
				B495D77A2782F44B003E7B01 /* Cell */,
				B495D7792782F431003E7B01 /* WeatherDetails */,
				B495D791278780A7003E7B01 /* TabBar */,
				B495D7782782F408003E7B01 /* Support */,
				B495D7722782F371003E7B01 /* Info.plist */,
			);
			path = Weather;
			sourceTree = "<group>";
		};
		B495D7782782F408003E7B01 /* Support */ = {
			isa = PBXGroup;
			children = (
				B495D7642782F36F003E7B01 /* AppDelegate.swift */,
				B495D7662782F36F003E7B01 /* SceneDelegate.swift */,
				B495D76D2782F371003E7B01 /* Assets.xcassets */,
				B495D76F2782F371003E7B01 /* LaunchScreen.storyboard */,
			);
			path = Support;
			sourceTree = "<group>";
		};
		B495D7792782F431003E7B01 /* WeatherDetails */ = {
			isa = PBXGroup;
			children = (
				B495D7682782F36F003E7B01 /* WeatherDetailsVC.swift */,
				B495D77B2782F85D003E7B01 /* WeatherDetailsInteractor.swift */,
			);
			path = WeatherDetails;
			sourceTree = "<group>";
		};
		B495D77A2782F44B003E7B01 /* Cell */ = {
			isa = PBXGroup;
			children = (
				B495D78127830047003E7B01 /* DailyWeatherCell.swift */,
				B495D78327830109003E7B01 /* DailyWeatherCellModel.swift */,
			);
			path = Cell;
			sourceTree = "<group>";
		};
		B495D7852783079E003E7B01 /* Extensions */ = {
			isa = PBXGroup;
			children = (
				B495D786278307D7003E7B01 /* Extension UIView.swift */,
			);
			path = Extensions;
			sourceTree = "<group>";
		};
		B495D78C2785C7F1003E7B01 /* WeatherDetailsView */ = {
			isa = PBXGroup;
			children = (
				B495D78827859F4D003E7B01 /* DailyWeatherDetailsView.swift */,
				B495D78D2785C84A003E7B01 /* DailyWeatherDetailsViewModel.swift */,
			);
			path = WeatherDetailsView;
			sourceTree = "<group>";
		};
		B495D791278780A7003E7B01 /* TabBar */ = {
			isa = PBXGroup;
			children = (
				B495D78F27877F3A003E7B01 /* TabBarViewController.swift */,
			);
			path = TabBar;
			sourceTree = "<group>";
		};
		B495D792278781A8003E7B01 /* SettingsView */ = {
			isa = PBXGroup;
			children = (
				B495D793278781E7003E7B01 /* SettingsViewController.swift */,
			);
			path = SettingsView;
			sourceTree = "<group>";
		};
		B495D795278783C8003E7B01 /* MapView */ = {
			isa = PBXGroup;
			children = (
				B495D79827878414003E7B01 /* MapViewController.swift */,
			);
			path = MapView;
			sourceTree = "<group>";
		};
		B495D79A278A22A6003E7B01 /* FavoritsView */ = {
			isa = PBXGroup;
			children = (
				B495D79B278A22E4003E7B01 /* FavoritsViewController.swift */,
			);
			path = FavoritsView;
			sourceTree = "<group>";
		};
/* End PBXGroup section */

/* Begin PBXNativeTarget section */
		B495D7602782F36F003E7B01 /* Weather */ = {
			isa = PBXNativeTarget;
			buildConfigurationList = B495D7752782F371003E7B01 /* Build configuration list for PBXNativeTarget "Weather" */;
			buildPhases = (
				2CFB9B3158D96B28F1F2908D /* [CP] Check Pods Manifest.lock */,
				B495D75D2782F36F003E7B01 /* Sources */,
				B495D75E2782F36F003E7B01 /* Frameworks */,
				B495D75F2782F36F003E7B01 /* Resources */,
				AA8A790F1ECD30079EEEA05A /* [CP] Embed Pods Frameworks */,
			);
			buildRules = (
			);
			dependencies = (
			);
			name = Weather;
			productName = Weather;
			productReference = B495D7612782F36F003E7B01 /* Weather.app */;
			productType = "com.apple.product-type.application";
		};
/* End PBXNativeTarget section */

/* Begin PBXProject section */
		B495D7592782F36F003E7B01 /* Project object */ = {
			isa = PBXProject;
			attributes = {
				BuildIndependentTargetsInParallel = 1;
				LastSwiftUpdateCheck = 1320;
				LastUpgradeCheck = 1320;
				TargetAttributes = {
					B495D7602782F36F003E7B01 = {
						CreatedOnToolsVersion = 13.2.1;
					};
				};
			};
			buildConfigurationList = B495D75C2782F36F003E7B01 /* Build configuration list for PBXProject "Weather" */;
			compatibilityVersion = "Xcode 13.0";
			developmentRegion = en;
			hasScannedForEncodings = 0;
			knownRegions = (
				en,
				Base,
			);
			mainGroup = B495D7582782F36F003E7B01;
			productRefGroup = B495D7622782F36F003E7B01 /* Products */;
			projectDirPath = "";
			projectRoot = "";
			targets = (
				B495D7602782F36F003E7B01 /* Weather */,
			);
		};
/* End PBXProject section */

/* Begin PBXResourcesBuildPhase section */
		B495D75F2782F36F003E7B01 /* Resources */ = {
			isa = PBXResourcesBuildPhase;
			buildActionMask = 2147483647;
			files = (
				B495D7712782F371003E7B01 /* LaunchScreen.storyboard in Resources */,
				B495D76E2782F371003E7B01 /* Assets.xcassets in Resources */,
			);
			runOnlyForDeploymentPostprocessing = 0;
		};
/* End PBXResourcesBuildPhase section */

/* Begin PBXShellScriptBuildPhase section */
		2CFB9B3158D96B28F1F2908D /* [CP] Check Pods Manifest.lock */ = {
			isa = PBXShellScriptBuildPhase;
			buildActionMask = 2147483647;
			files = (
			);
			inputFileListPaths = (
			);
			inputPaths = (
				"${PODS_PODFILE_DIR_PATH}/Podfile.lock",
				"${PODS_ROOT}/Manifest.lock",
			);
			name = "[CP] Check Pods Manifest.lock";
			outputFileListPaths = (
			);
			outputPaths = (
				"$(DERIVED_FILE_DIR)/Pods-Weather-checkManifestLockResult.txt",
			);
			runOnlyForDeploymentPostprocessing = 0;
			shellPath = /bin/sh;
			shellScript = "diff \"${PODS_PODFILE_DIR_PATH}/Podfile.lock\" \"${PODS_ROOT}/Manifest.lock\" > /dev/null\nif [ $? != 0 ] ; then\n    # print error to STDERR\n    echo \"error: The sandbox is not in sync with the Podfile.lock. Run 'pod install' or update your CocoaPods installation.\" >&2\n    exit 1\nfi\n# This output is used by Xcode 'outputs' to avoid re-running this script phase.\necho \"SUCCESS\" > \"${SCRIPT_OUTPUT_FILE_0}\"\n";
			showEnvVarsInLog = 0;
		};
		AA8A790F1ECD30079EEEA05A /* [CP] Embed Pods Frameworks */ = {
			isa = PBXShellScriptBuildPhase;
			buildActionMask = 2147483647;
			files = (
			);
			inputFileListPaths = (
				"${PODS_ROOT}/Target Support Files/Pods-Weather/Pods-Weather-frameworks-${CONFIGURATION}-input-files.xcfilelist",
			);
			name = "[CP] Embed Pods Frameworks";
			outputFileListPaths = (
				"${PODS_ROOT}/Target Support Files/Pods-Weather/Pods-Weather-frameworks-${CONFIGURATION}-output-files.xcfilelist",
			);
			runOnlyForDeploymentPostprocessing = 0;
			shellPath = /bin/sh;
			shellScript = "\"${PODS_ROOT}/Target Support Files/Pods-Weather/Pods-Weather-frameworks.sh\"\n";
			showEnvVarsInLog = 0;
		};
/* End PBXShellScriptBuildPhase section */

/* Begin PBXSourcesBuildPhase section */
		B495D75D2782F36F003E7B01 /* Sources */ = {
			isa = PBXSourcesBuildPhase;
			buildActionMask = 2147483647;
			files = (
				B495D7692782F36F003E7B01 /* WeatherDetailsVC.swift in Sources */,
				B495D7652782F36F003E7B01 /* AppDelegate.swift in Sources */,
				B495D794278781E7003E7B01 /* SettingsViewController.swift in Sources */,
				B495D78427830109003E7B01 /* DailyWeatherCellModel.swift in Sources */,
				B495D78E2785C84A003E7B01 /* DailyWeatherDetailsViewModel.swift in Sources */,
				B495D77C2782F85D003E7B01 /* WeatherDetailsInteractor.swift in Sources */,
				B495D78927859F4D003E7B01 /* DailyWeatherDetailsView.swift in Sources */,
				B495D79927878414003E7B01 /* MapViewController.swift in Sources */,
				B495D79C278A22E4003E7B01 /* FavoritsViewController.swift in Sources */,
				B495D7672782F36F003E7B01 /* SceneDelegate.swift in Sources */,
				B495D78227830047003E7B01 /* DailyWeatherCell.swift in Sources */,
				B495D79027877F3A003E7B01 /* TabBarViewController.swift in Sources */,
				B495D787278307D7003E7B01 /* Extension UIView.swift in Sources */,
			);
			runOnlyForDeploymentPostprocessing = 0;
		};
/* End PBXSourcesBuildPhase section */

/* Begin PBXVariantGroup section */
		B495D76F2782F371003E7B01 /* LaunchScreen.storyboard */ = {
			isa = PBXVariantGroup;
			children = (
				B495D7702782F371003E7B01 /* Base */,
			);
			name = LaunchScreen.storyboard;
			sourceTree = "<group>";
		};
/* End PBXVariantGroup section */

/* Begin XCBuildConfiguration section */
		B495D7732782F371003E7B01 /* Debug */ = {
			isa = XCBuildConfiguration;
			buildSettings = {
				ALWAYS_SEARCH_USER_PATHS = NO;
				CLANG_ANALYZER_NONNULL = YES;
				CLANG_ANALYZER_NUMBER_OBJECT_CONVERSION = YES_AGGRESSIVE;
				CLANG_CXX_LANGUAGE_STANDARD = "gnu++17";
				CLANG_CXX_LIBRARY = "libc++";
				CLANG_ENABLE_MODULES = YES;
				CLANG_ENABLE_OBJC_ARC = YES;
				CLANG_ENABLE_OBJC_WEAK = YES;
				CLANG_WARN_BLOCK_CAPTURE_AUTORELEASING = YES;
				CLANG_WARN_BOOL_CONVERSION = YES;
				CLANG_WARN_COMMA = YES;
				CLANG_WARN_CONSTANT_CONVERSION = YES;
				CLANG_WARN_DEPRECATED_OBJC_IMPLEMENTATIONS = YES;
				CLANG_WARN_DIRECT_OBJC_ISA_USAGE = YES_ERROR;
				CLANG_WARN_DOCUMENTATION_COMMENTS = YES;
				CLANG_WARN_EMPTY_BODY = YES;
				CLANG_WARN_ENUM_CONVERSION = YES;
				CLANG_WARN_INFINITE_RECURSION = YES;
				CLANG_WARN_INT_CONVERSION = YES;
				CLANG_WARN_NON_LITERAL_NULL_CONVERSION = YES;
				CLANG_WARN_OBJC_IMPLICIT_RETAIN_SELF = YES;
				CLANG_WARN_OBJC_LITERAL_CONVERSION = YES;
				CLANG_WARN_OBJC_ROOT_CLASS = YES_ERROR;
				CLANG_WARN_QUOTED_INCLUDE_IN_FRAMEWORK_HEADER = YES;
				CLANG_WARN_RANGE_LOOP_ANALYSIS = YES;
				CLANG_WARN_STRICT_PROTOTYPES = YES;
				CLANG_WARN_SUSPICIOUS_MOVE = YES;
				CLANG_WARN_UNGUARDED_AVAILABILITY = YES_AGGRESSIVE;
				CLANG_WARN_UNREACHABLE_CODE = YES;
				CLANG_WARN__DUPLICATE_METHOD_MATCH = YES;
				COPY_PHASE_STRIP = NO;
				DEBUG_INFORMATION_FORMAT = dwarf;
				ENABLE_STRICT_OBJC_MSGSEND = YES;
				ENABLE_TESTABILITY = YES;
				GCC_C_LANGUAGE_STANDARD = gnu11;
				GCC_DYNAMIC_NO_PIC = NO;
				GCC_NO_COMMON_BLOCKS = YES;
				GCC_OPTIMIZATION_LEVEL = 0;
				GCC_PREPROCESSOR_DEFINITIONS = (
					"DEBUG=1",
					"$(inherited)",
				);
				GCC_WARN_64_TO_32_BIT_CONVERSION = YES;
				GCC_WARN_ABOUT_RETURN_TYPE = YES_ERROR;
				GCC_WARN_UNDECLARED_SELECTOR = YES;
				GCC_WARN_UNINITIALIZED_AUTOS = YES_AGGRESSIVE;
				GCC_WARN_UNUSED_FUNCTION = YES;
				GCC_WARN_UNUSED_VARIABLE = YES;
				IPHONEOS_DEPLOYMENT_TARGET = 15.2;
				MTL_ENABLE_DEBUG_INFO = INCLUDE_SOURCE;
				MTL_FAST_MATH = YES;
				ONLY_ACTIVE_ARCH = YES;
				SDKROOT = iphoneos;
				SWIFT_ACTIVE_COMPILATION_CONDITIONS = DEBUG;
				SWIFT_OPTIMIZATION_LEVEL = "-Onone";
			};
			name = Debug;
		};
		B495D7742782F371003E7B01 /* Release */ = {
			isa = XCBuildConfiguration;
			buildSettings = {
				ALWAYS_SEARCH_USER_PATHS = NO;
				CLANG_ANALYZER_NONNULL = YES;
				CLANG_ANALYZER_NUMBER_OBJECT_CONVERSION = YES_AGGRESSIVE;
				CLANG_CXX_LANGUAGE_STANDARD = "gnu++17";
				CLANG_CXX_LIBRARY = "libc++";
				CLANG_ENABLE_MODULES = YES;
				CLANG_ENABLE_OBJC_ARC = YES;
				CLANG_ENABLE_OBJC_WEAK = YES;
				CLANG_WARN_BLOCK_CAPTURE_AUTORELEASING = YES;
				CLANG_WARN_BOOL_CONVERSION = YES;
				CLANG_WARN_COMMA = YES;
				CLANG_WARN_CONSTANT_CONVERSION = YES;
				CLANG_WARN_DEPRECATED_OBJC_IMPLEMENTATIONS = YES;
				CLANG_WARN_DIRECT_OBJC_ISA_USAGE = YES_ERROR;
				CLANG_WARN_DOCUMENTATION_COMMENTS = YES;
				CLANG_WARN_EMPTY_BODY = YES;
				CLANG_WARN_ENUM_CONVERSION = YES;
				CLANG_WARN_INFINITE_RECURSION = YES;
				CLANG_WARN_INT_CONVERSION = YES;
				CLANG_WARN_NON_LITERAL_NULL_CONVERSION = YES;
				CLANG_WARN_OBJC_IMPLICIT_RETAIN_SELF = YES;
				CLANG_WARN_OBJC_LITERAL_CONVERSION = YES;
				CLANG_WARN_OBJC_ROOT_CLASS = YES_ERROR;
				CLANG_WARN_QUOTED_INCLUDE_IN_FRAMEWORK_HEADER = YES;
				CLANG_WARN_RANGE_LOOP_ANALYSIS = YES;
				CLANG_WARN_STRICT_PROTOTYPES = YES;
				CLANG_WARN_SUSPICIOUS_MOVE = YES;
				CLANG_WARN_UNGUARDED_AVAILABILITY = YES_AGGRESSIVE;
				CLANG_WARN_UNREACHABLE_CODE = YES;
				CLANG_WARN__DUPLICATE_METHOD_MATCH = YES;
				COPY_PHASE_STRIP = NO;
				DEBUG_INFORMATION_FORMAT = "dwarf-with-dsym";
				ENABLE_NS_ASSERTIONS = NO;
				ENABLE_STRICT_OBJC_MSGSEND = YES;
				GCC_C_LANGUAGE_STANDARD = gnu11;
				GCC_NO_COMMON_BLOCKS = YES;
				GCC_WARN_64_TO_32_BIT_CONVERSION = YES;
				GCC_WARN_ABOUT_RETURN_TYPE = YES_ERROR;
				GCC_WARN_UNDECLARED_SELECTOR = YES;
				GCC_WARN_UNINITIALIZED_AUTOS = YES_AGGRESSIVE;
				GCC_WARN_UNUSED_FUNCTION = YES;
				GCC_WARN_UNUSED_VARIABLE = YES;
				IPHONEOS_DEPLOYMENT_TARGET = 15.2;
				MTL_ENABLE_DEBUG_INFO = NO;
				MTL_FAST_MATH = YES;
				SDKROOT = iphoneos;
				SWIFT_COMPILATION_MODE = wholemodule;
				SWIFT_OPTIMIZATION_LEVEL = "-O";
				VALIDATE_PRODUCT = YES;
			};
			name = Release;
		};
		B495D7762782F371003E7B01 /* Debug */ = {
			isa = XCBuildConfiguration;
			baseConfigurationReference = AAA46679EF5AA100CC04781C /* Pods-Weather.debug.xcconfig */;
			buildSettings = {
				ASSETCATALOG_COMPILER_APPICON_NAME = AppIcon;
				ASSETCATALOG_COMPILER_GLOBAL_ACCENT_COLOR_NAME = AccentColor;
				CODE_SIGN_STYLE = Automatic;
				CURRENT_PROJECT_VERSION = 1;
				DEVELOPMENT_TEAM = ZZK4T7Z935;
				GENERATE_INFOPLIST_FILE = YES;
				INFOPLIST_FILE = Weather/Info.plist;
				INFOPLIST_KEY_UIApplicationSupportsIndirectInputEvents = YES;
				INFOPLIST_KEY_UILaunchStoryboardName = LaunchScreen;
				INFOPLIST_KEY_UISupportedInterfaceOrientations_iPad = "UIInterfaceOrientationPortrait UIInterfaceOrientationPortraitUpsideDown UIInterfaceOrientationLandscapeLeft UIInterfaceOrientationLandscapeRight";
				INFOPLIST_KEY_UISupportedInterfaceOrientations_iPhone = "UIInterfaceOrientationPortrait UIInterfaceOrientationLandscapeLeft UIInterfaceOrientationLandscapeRight";
				LD_RUNPATH_SEARCH_PATHS = (
					"$(inherited)",
					"@executable_path/Frameworks",
				);
				MARKETING_VERSION = 1.0;
				PRODUCT_BUNDLE_IDENTIFIER = home.Weather;
				PRODUCT_NAME = "$(TARGET_NAME)";
				SWIFT_EMIT_LOC_STRINGS = YES;
				SWIFT_VERSION = 5.0;
				TARGETED_DEVICE_FAMILY = "1,2";
			};
			name = Debug;
		};
		B495D7772782F371003E7B01 /* Release */ = {
			isa = XCBuildConfiguration;
			baseConfigurationReference = 4324971084BCC751E12A234B /* Pods-Weather.release.xcconfig */;
			buildSettings = {
				ASSETCATALOG_COMPILER_APPICON_NAME = AppIcon;
				ASSETCATALOG_COMPILER_GLOBAL_ACCENT_COLOR_NAME = AccentColor;
				CODE_SIGN_STYLE = Automatic;
				CURRENT_PROJECT_VERSION = 1;
				DEVELOPMENT_TEAM = ZZK4T7Z935;
				GENERATE_INFOPLIST_FILE = YES;
				INFOPLIST_FILE = Weather/Info.plist;
				INFOPLIST_KEY_UIApplicationSupportsIndirectInputEvents = YES;
				INFOPLIST_KEY_UILaunchStoryboardName = LaunchScreen;
				INFOPLIST_KEY_UISupportedInterfaceOrientations_iPad = "UIInterfaceOrientationPortrait UIInterfaceOrientationPortraitUpsideDown UIInterfaceOrientationLandscapeLeft UIInterfaceOrientationLandscapeRight";
				INFOPLIST_KEY_UISupportedInterfaceOrientations_iPhone = "UIInterfaceOrientationPortrait UIInterfaceOrientationLandscapeLeft UIInterfaceOrientationLandscapeRight";
				LD_RUNPATH_SEARCH_PATHS = (
					"$(inherited)",
					"@executable_path/Frameworks",
				);
				MARKETING_VERSION = 1.0;
				PRODUCT_BUNDLE_IDENTIFIER = home.Weather;
				PRODUCT_NAME = "$(TARGET_NAME)";
				SWIFT_EMIT_LOC_STRINGS = YES;
				SWIFT_VERSION = 5.0;
				TARGETED_DEVICE_FAMILY = "1,2";
			};
			name = Release;
		};
/* End XCBuildConfiguration section */

/* Begin XCConfigurationList section */
		B495D75C2782F36F003E7B01 /* Build configuration list for PBXProject "Weather" */ = {
			isa = XCConfigurationList;
			buildConfigurations = (
				B495D7732782F371003E7B01 /* Debug */,
				B495D7742782F371003E7B01 /* Release */,
			);
			defaultConfigurationIsVisible = 0;
			defaultConfigurationName = Release;
		};
		B495D7752782F371003E7B01 /* Build configuration list for PBXNativeTarget "Weather" */ = {
			isa = XCConfigurationList;
			buildConfigurations = (
				B495D7762782F371003E7B01 /* Debug */,
				B495D7772782F371003E7B01 /* Release */,
			);
			defaultConfigurationIsVisible = 0;
			defaultConfigurationName = Release;
		};
/* End XCConfigurationList section */
	};
	rootObject = B495D7592782F36F003E7B01 /* Project object */;
}
